
Microsoft Visual Studio Solution File, Format Version 12.00
# Visual Studio 15
VisualStudioVersion = 15.0.27703.2000
MinimumVisualStudioVersion = 10.0.40219.1
Project("{888888A0-9F3D-457C-B088-3A5042F75D52}") = "pages_project", "pages_project\pages_project.pyproj", "{03D43E99-41AB-440C-8363-E6FF0159BBB8}"
EndProject
Global
	GlobalSection(SolutionConfigurationPlatforms) = preSolution
		Debug|Any CPU = Debug|Any CPU
		Release|Any CPU = Release|Any CPU
	EndGlobalSection
	GlobalSection(ProjectConfigurationPlatforms) = postSolution
		{03D43E99-41AB-440C-8363-E6FF0159BBB8}.Debug|Any CPU.ActiveCfg = Debug|Any CPU
		{03D43E99-41AB-440C-8363-E6FF0159BBB8}.Debug|Any CPU.Build.0 = Debug|Any CPU
		{03D43E99-41AB-440C-8363-E6FF0159BBB8}.Release|Any CPU.ActiveCfg = Release|Any CPU
		{03D43E99-41AB-440C-8363-E6FF0159BBB8}.Release|Any CPU.Build.0 = Release|Any CPU
	EndGlobalSection
	GlobalSection(SolutionProperties) = preSolution
		HideSolutionNode = FALSE
	EndGlobalSection
	GlobalSection(ExtensibilityGlobals) = postSolution
		SolutionGuid = {1F587551-3127-4795-8A85-9E5F4ED3367C}
	EndGlobalSection
EndGlobal
